
Microsoft Visual Studio Solution File, Format Version 12.00
# Visual Studio Version 17
VisualStudioVersion = 17.0.31717.71
MinimumVisualStudioVersion = 10.0.40219.1
Project("{2150E333-8FDC-42A3-9474-1A3956D46DE8}") = "apps", "apps", "{696E1F9F-DDF4-4109-8DE3-91D107B434B3}"
EndProject
Project("{2150E333-8FDC-42A3-9474-1A3956D46DE8}") = "services", "services", "{CD5C2101-C4ED-4EBB-9576-6D7D4D1D9A7E}"
EndProject
Project("{2150E333-8FDC-42A3-9474-1A3956D46DE8}") = "gateways", "gateways", "{0D58A2F2-ED3E-4404-A066-2DA431A5A687}"
EndProject
Project("{2150E333-8FDC-42A3-9474-1A3956D46DE8}") = "shared", "shared", "{D524CE22-8408-4FC6-9D12-091036518F5C}"
EndProject
Project("{9A19103F-16F7-4668-BE54-9A1E7A4F7556}") = "Backend.AuthServer", "apps\auth-server\src\Backend.AuthServer\Backend.AuthServer.csproj", "{8E52DA43-9C6C-46F7-9252-EC5A95AB34CD}"
EndProject
Project("{9A19103F-16F7-4668-BE54-9A1E7A4F7556}") = "Backend.Shared.Hosting", "shared\Backend.Shared.Hosting\Backend.Shared.Hosting.csproj", "{1E02E981-048D-40E4-8AEE-BB6ADD514D0C}"
EndProject
Project("{9A19103F-16F7-4668-BE54-9A1E7A4F7556}") = "Backend.Shared.Hosting.AspNetCore", "shared\Backend.Shared.Hosting.AspNetCore\Backend.Shared.Hosting.AspNetCore.csproj", "{EE2BCC08-3308-46DB-B776-48ECC8B61A2B}"
EndProject
Project("{9A19103F-16F7-4668-BE54-9A1E7A4F7556}") = "Backend.WebGateway", "gateways\web\src\Backend.WebGateway\Backend.WebGateway.csproj", "{70AEED82-5C0F-4B34-884D-CE1612F611A6}"
EndProject
Project("{9A19103F-16F7-4668-BE54-9A1E7A4F7556}") = "Backend.Shared.Hosting.Gateways", "shared\Backend.Shared.Hosting.Gateways\Backend.Shared.Hosting.Gateways.csproj", "{4165EE19-9944-4B69-BDDE-D53B55AB5AD5}"
EndProject
Project("{9A19103F-16F7-4668-BE54-9A1E7A4F7556}") = "Backend.Shared.Hosting.Microservices", "shared\Backend.Shared.Hosting.Microservices\Backend.Shared.Hosting.Microservices.csproj", "{09C6700A-5CBA-49AF-A3CA-A88483C9E1FB}"
EndProject
Project("{2150E333-8FDC-42A3-9474-1A3956D46DE8}") = "administration", "administration", "{6CEB9D01-AE6A-4638-BB9E-65658F5E8D0A}"
EndProject
Project("{2150E333-8FDC-42A3-9474-1A3956D46DE8}") = "src", "src", "{0C02A9E3-90F1-4A86-A89D-3E7FDC605770}"
EndProject
Project("{2150E333-8FDC-42A3-9474-1A3956D46DE8}") = "test", "test", "{E4807A36-C4FB-46B0-9966-16600819692F}"
EndProject
Project("{9A19103F-16F7-4668-BE54-9A1E7A4F7556}") = "Backend.AdministrationService.Application", "services\administration\src\Backend.AdministrationService.Application\Backend.AdministrationService.Application.csproj", "{94DC02B8-D92D-4447-AD11-7133C5B9A1F2}"
EndProject
Project("{9A19103F-16F7-4668-BE54-9A1E7A4F7556}") = "Backend.AdministrationService.Application.Contracts", "services\administration\src\Backend.AdministrationService.Application.Contracts\Backend.AdministrationService.Application.Contracts.csproj", "{92059AD6-B3A6-4A32-A40F-1B2F2EEB75AB}"
EndProject
Project("{9A19103F-16F7-4668-BE54-9A1E7A4F7556}") = "Backend.AdministrationService.Domain", "services\administration\src\Backend.AdministrationService.Domain\Backend.AdministrationService.Domain.csproj", "{4D147780-7CE1-4CD4-AC35-2BEABC97B4F5}"
EndProject
Project("{9A19103F-16F7-4668-BE54-9A1E7A4F7556}") = "Backend.AdministrationService.Domain.Shared", "services\administration\src\Backend.AdministrationService.Domain.Shared\Backend.AdministrationService.Domain.Shared.csproj", "{AC9BABCB-D6DA-4FC0-A02F-49BC17E3B635}"
EndProject
Project("{9A19103F-16F7-4668-BE54-9A1E7A4F7556}") = "Backend.AdministrationService.EntityFrameworkCore", "services\administration\src\Backend.AdministrationService.EntityFrameworkCore\Backend.AdministrationService.EntityFrameworkCore.csproj", "{3BD65AF2-C799-4681-A033-90DFF2613BEE}"
EndProject
Project("{9A19103F-16F7-4668-BE54-9A1E7A4F7556}") = "Backend.AdministrationService.HttpApi", "services\administration\src\Backend.AdministrationService.HttpApi\Backend.AdministrationService.HttpApi.csproj", "{CBA3F577-80A2-4ED9-95CB-53AA14F8C2E8}"
EndProject
Project("{9A19103F-16F7-4668-BE54-9A1E7A4F7556}") = "Backend.AdministrationService.HttpApi.Client", "services\administration\src\Backend.AdministrationService.HttpApi.Client\Backend.AdministrationService.HttpApi.Client.csproj", "{8D99DA6D-7D45-432D-A366-957834B16666}"
EndProject
Project("{9A19103F-16F7-4668-BE54-9A1E7A4F7556}") = "Backend.AdministrationService.HttpApi.Host", "services\administration\src\Backend.AdministrationService.HttpApi.Host\Backend.AdministrationService.HttpApi.Host.csproj", "{4561DC21-72E1-4A61-8916-5D9B7FCD89C8}"
EndProject
Project("{9A19103F-16F7-4668-BE54-9A1E7A4F7556}") = "Backend.AdministrationService.Application.Tests", "services\administration\test\Backend.AdministrationService.Application.Tests\Backend.AdministrationService.Application.Tests.csproj", "{F321E352-074F-4EE4-8A21-56F08C31D22D}"
EndProject
Project("{9A19103F-16F7-4668-BE54-9A1E7A4F7556}") = "Backend.AdministrationService.Domain.Tests", "services\administration\test\Backend.AdministrationService.Domain.Tests\Backend.AdministrationService.Domain.Tests.csproj", "{E7CFB7EB-394F-4A16-A4CA-D75644D226C3}"
EndProject
Project("{9A19103F-16F7-4668-BE54-9A1E7A4F7556}") = "Backend.AdministrationService.EntityFrameworkCore.Tests", "services\administration\test\Backend.AdministrationService.EntityFrameworkCore.Tests\Backend.AdministrationService.EntityFrameworkCore.Tests.csproj", "{2D97413F-CBB5-4ED3-B5D7-6595D9E35696}"
EndProject
Project("{9A19103F-16F7-4668-BE54-9A1E7A4F7556}") = "Backend.AdministrationService.TestBase", "services\administration\test\Backend.AdministrationService.TestBase\Backend.AdministrationService.TestBase.csproj", "{19C263FD-36EA-4E23-B893-3892AA4A0F2A}"
EndProject
Project("{2150E333-8FDC-42A3-9474-1A3956D46DE8}") = "identity", "identity", "{5AB633FA-A160-4EBC-BD0F-5DB691B442E3}"
EndProject
Project("{2150E333-8FDC-42A3-9474-1A3956D46DE8}") = "src", "src", "{55FAA9D1-F886-4D26-B7D0-4143357BA585}"
EndProject
Project("{2150E333-8FDC-42A3-9474-1A3956D46DE8}") = "test", "test", "{DD5B0264-1A4E-4343-833C-AC9168FFAEFD}"
EndProject
Project("{9A19103F-16F7-4668-BE54-9A1E7A4F7556}") = "Backend.IdentityService.Application.Tests", "services\identity\test\Backend.IdentityService.Application.Tests\Backend.IdentityService.Application.Tests.csproj", "{62029614-F0EE-40FD-97FC-56B60F7E8E41}"
EndProject
Project("{9A19103F-16F7-4668-BE54-9A1E7A4F7556}") = "Backend.IdentityService.Domain.Tests", "services\identity\test\Backend.IdentityService.Domain.Tests\Backend.IdentityService.Domain.Tests.csproj", "{432F7417-05AC-4E38-BA78-69FC8BCB498F}"
EndProject
Project("{9A19103F-16F7-4668-BE54-9A1E7A4F7556}") = "Backend.IdentityService.TestBase", "services\identity\test\Backend.IdentityService.TestBase\Backend.IdentityService.TestBase.csproj", "{FED47CC6-C77B-4981-9857-A218F86C4149}"
EndProject
Project("{2150E333-8FDC-42A3-9474-1A3956D46DE8}") = "medicines", "medicines", "{2508C4D0-E814-421C-A45F-4DC91A46C4A6}"
EndProject
Project("{2150E333-8FDC-42A3-9474-1A3956D46DE8}") = "src", "src", "{E096581B-2535-406F-80EA-63BC9F8FEBF5}"
EndProject
Project("{2150E333-8FDC-42A3-9474-1A3956D46DE8}") = "test", "test", "{294BB471-4AE8-4EFB-9802-0ED3EC94BC63}"
EndProject
Project("{9A19103F-16F7-4668-BE54-9A1E7A4F7556}") = "Backend.MedicineService.Application", "services\medicines\src\Backend.MedicineService.Application\Backend.MedicineService.Application.csproj", "{16FCEAA5-7589-4F2E-B9E3-56C86A193D0A}"
EndProject
Project("{9A19103F-16F7-4668-BE54-9A1E7A4F7556}") = "Backend.MedicineService.Application.Tests", "services\medicines\test\Backend.MedicineService.Application.Tests\Backend.MedicineService.Application.Tests.csproj", "{74E42764-954C-455B-A82D-D4740B3C9CA9}"
EndProject
Project("{9A19103F-16F7-4668-BE54-9A1E7A4F7556}") = "Backend.MedicineService.Application.Contracts", "services\medicines\src\Backend.MedicineService.Application.Contracts\Backend.MedicineService.Application.Contracts.csproj", "{DFB80D60-FC0F-4CF1-8B65-E1522732FC13}"
EndProject
Project("{9A19103F-16F7-4668-BE54-9A1E7A4F7556}") = "Backend.MedicineService.Domain", "services\medicines\src\Backend.MedicineService.Domain\Backend.MedicineService.Domain.csproj", "{644D7F78-8DE0-4C91-A568-7831FFBABB49}"
EndProject
Project("{9A19103F-16F7-4668-BE54-9A1E7A4F7556}") = "Backend.MedicineService.Domain.Shared", "services\medicines\src\Backend.MedicineService.Domain.Shared\Backend.MedicineService.Domain.Shared.csproj", "{271BCC41-C6CE-4F05-A7CA-F02CB13B5EE1}"
EndProject
Project("{9A19103F-16F7-4668-BE54-9A1E7A4F7556}") = "Backend.MedicineService.EntityFrameworkCore", "services\medicines\src\Backend.MedicineService.EntityFrameworkCore\Backend.MedicineService.EntityFrameworkCore.csproj", "{931C0556-CB0E-4578-8ADB-C876B710A4A2}"
EndProject
Project("{9A19103F-16F7-4668-BE54-9A1E7A4F7556}") = "Backend.MedicineService.HttpApi", "services\medicines\src\Backend.MedicineService.HttpApi\Backend.MedicineService.HttpApi.csproj", "{30A457B5-ECFF-4A2A-8338-5ECA6F5227BE}"
EndProject
Project("{9A19103F-16F7-4668-BE54-9A1E7A4F7556}") = "Backend.MedicineService.HttpApi.Client", "services\medicines\src\Backend.MedicineService.HttpApi.Client\Backend.MedicineService.HttpApi.Client.csproj", "{6A9BC5B1-B529-4D05-A63E-F98115615F38}"
EndProject
Project("{9A19103F-16F7-4668-BE54-9A1E7A4F7556}") = "Backend.MedicineService.HttpApi.Host", "services\medicines\src\Backend.MedicineService.HttpApi.Host\Backend.MedicineService.HttpApi.Host.csproj", "{84630337-A367-4A16-ACAA-26BF2AB03A40}"
EndProject
Project("{9A19103F-16F7-4668-BE54-9A1E7A4F7556}") = "Backend.MedicineService.Domain.Tests", "services\medicines\test\Backend.MedicineService.Domain.Tests\Backend.MedicineService.Domain.Tests.csproj", "{E7E23CB7-7F78-436F-96CF-1336625B9182}"
EndProject
Project("{9A19103F-16F7-4668-BE54-9A1E7A4F7556}") = "Backend.MedicineService.EntityFrameworkCore.Tests", "services\medicines\test\Backend.MedicineService.EntityFrameworkCore.Tests\Backend.MedicineService.EntityFrameworkCore.Tests.csproj", "{4245B652-065E-49B5-8F60-86495633E2B2}"
EndProject
Project("{9A19103F-16F7-4668-BE54-9A1E7A4F7556}") = "Backend.MedicineService.TestBase", "services\medicines\test\Backend.MedicineService.TestBase\Backend.MedicineService.TestBase.csproj", "{08D7686A-A42A-4593-9E1F-01A93E31D174}"
EndProject
Project("{FAE04EC0-301F-11D3-BF4B-00C04F79EFBC}") = "Backend.IdentityService.Application.Contracts", "services\identity\src\Backend.IdentityService.Application.Contracts\Backend.IdentityService.Application.Contracts.csproj", "{6B4FD4ED-B102-47A9-B369-A4D710D733AF}"
EndProject
Project("{FAE04EC0-301F-11D3-BF4B-00C04F79EFBC}") = "Backend.IdentityService.Application", "services\identity\src\Backend.IdentityService.Application\Backend.IdentityService.Application.csproj", "{B6B3917A-FD30-4DFD-B182-795754FB6D94}"
EndProject
Project("{FAE04EC0-301F-11D3-BF4B-00C04F79EFBC}") = "Backend.IdentityService.HttpApi", "services\identity\src\Backend.IdentityService.HttpApi\Backend.IdentityService.HttpApi.csproj", "{AFB0F574-75C1-4384-9B8C-985F76BB665B}"
EndProject
Project("{FAE04EC0-301F-11D3-BF4B-00C04F79EFBC}") = "Backend.IdentityService.HttpApi.Client", "services\identity\src\Backend.IdentityService.HttpApi.Client\Backend.IdentityService.HttpApi.Client.csproj", "{EC5AE43D-E045-4622-ABCB-5E50FAE0916A}"
EndProject
Project("{FAE04EC0-301F-11D3-BF4B-00C04F79EFBC}") = "Backend.IdentityService.HttpApi.Host", "services\identity\src\Backend.IdentityService.HttpApi.Host\Backend.IdentityService.HttpApi.Host.csproj", "{7D3F1814-CAD9-48C6-8346-79BE39EF77BA}"
EndProject
Project("{2150E333-8FDC-42A3-9474-1A3956D46DE8}") = "identityserver", "identityserver", "{E84F9336-2C8C-482B-B368-9CF8D9333F66}"
EndProject
Project("{2150E333-8FDC-42A3-9474-1A3956D46DE8}") = "src", "src", "{D3ECF56F-8C6E-4420-AFB2-FA88722006E8}"
EndProject
Project("{2150E333-8FDC-42A3-9474-1A3956D46DE8}") = "test", "test", "{CE596D5D-E300-426D-BECD-40E5D8F10952}"
EndProject
Project("{2150E333-8FDC-42A3-9474-1A3956D46DE8}") = "modules", "modules", "{1972CB93-E8EC-487E-BAA9-1419CD6D5CAD}"
EndProject
Project("{FAE04EC0-301F-11D3-BF4B-00C04F79EFBC}") = "Backend.IdentityServer.Domain", "modules\identityserver\src\Backend.IdentityServer.Domain\Backend.IdentityServer.Domain.csproj", "{B56A8800-F0B2-49C7-B0F2-80CCF4079E7A}"
EndProject
Project("{FAE04EC0-301F-11D3-BF4B-00C04F79EFBC}") = "Backend.IdentityServer.Domain.Shared", "modules\identityserver\src\Backend.IdentityServer.Domain.Shared\Backend.IdentityServer.Domain.Shared.csproj", "{4C76FE86-E2FE-400E-BF62-661DEBE89BB4}"
EndProject
Project("{FAE04EC0-301F-11D3-BF4B-00C04F79EFBC}") = "Backend.PermissionManagement.Domain.IdentityServer", "modules\identityserver\src\Backend.PermissionManagement.Domain.IdentityServer\Backend.PermissionManagement.Domain.IdentityServer.csproj", "{B6C58435-494E-4ED5-B605-EB700F2AEB22}"
EndProject
Project("{FAE04EC0-301F-11D3-BF4B-00C04F79EFBC}") = "Backend.IdentityServer.Domain.Tests", "modules\identityserver\test\Backend.IdentityServer.Domain.Tests\Backend.IdentityServer.Domain.Tests.csproj", "{4B4A27A4-4132-4A13-8E7A-7223C90EC238}"
EndProject
Project("{FAE04EC0-301F-11D3-BF4B-00C04F79EFBC}") = "Backend.IdentityServer.TestBase", "modules\identityserver\test\Backend.IdentityServer.TestBase\Backend.IdentityServer.TestBase.csproj", "{31F913BF-3087-4AA4-981C-7B45070AC842}"
EndProject
Project("{2150E333-8FDC-42A3-9474-1A3956D46DE8}") = "identity", "identity", "{ADA2AA33-F170-4507-BA13-A51BA6B1AF59}"
EndProject
Project("{2150E333-8FDC-42A3-9474-1A3956D46DE8}") = "src", "src", "{CF62A09A-3178-4DA5-AD4E-2B30503288AE}"
EndProject
Project("{2150E333-8FDC-42A3-9474-1A3956D46DE8}") = "test", "test", "{6E7154F3-AE0D-44A3-AB83-2A1149F132F3}"
EndProject
Project("{FAE04EC0-301F-11D3-BF4B-00C04F79EFBC}") = "Backend.Identity.Domain", "modules\identity\src\Backend.Identity.Domain\Backend.Identity.Domain.csproj", "{F149D589-4E61-4062-978A-CA07C91130D8}"
EndProject
Project("{FAE04EC0-301F-11D3-BF4B-00C04F79EFBC}") = "Backend.Identity.Domain.Shared", "modules\identity\src\Backend.Identity.Domain.Shared\Backend.Identity.Domain.Shared.csproj", "{AFEC9AAC-7550-47BC-BF0D-E006DF3D60C9}"
EndProject
Project("{FAE04EC0-301F-11D3-BF4B-00C04F79EFBC}") = "Backend.Identity.Application.Contracts", "modules\identity\src\Backend.Identity.Application.Contracts\Backend.Identity.Application.Contracts.csproj", "{C835EFE6-3666-46A7-AF3F-77E4A412F725}"
EndProject
Project("{FAE04EC0-301F-11D3-BF4B-00C04F79EFBC}") = "Backend.Identity.Application", "modules\identity\src\Backend.Identity.Application\Backend.Identity.Application.csproj", "{58F9725B-DBED-44AA-9053-E781FC0DAD01}"
EndProject
Project("{FAE04EC0-301F-11D3-BF4B-00C04F79EFBC}") = "Backend.Identity.HttpApi", "modules\identity\src\Backend.Identity.HttpApi\Backend.Identity.HttpApi.csproj", "{8DF481D6-382B-421C-B5BA-F35FD2C7BE52}"
EndProject
Project("{FAE04EC0-301F-11D3-BF4B-00C04F79EFBC}") = "Backend.PermissionManagement.Domain.Identity", "modules\identity\src\Backend.PermissionManagement.Domain.Identity\Backend.PermissionManagement.Domain.Identity.csproj", "{3F746CB0-0E35-4FE6-B414-9E37D1F96812}"
EndProject
Project("{FAE04EC0-301F-11D3-BF4B-00C04F79EFBC}") = "Backend.Identity.HttpApi.Client", "modules\identity\src\Backend.Identity.HttpApi.Client\Backend.Identity.HttpApi.Client.csproj", "{A98A12F3-8B58-4E63-ABF2-50D99DD95DD7}"
EndProject
Project("{FAE04EC0-301F-11D3-BF4B-00C04F79EFBC}") = "Backend.Identity.Application.Tests", "modules\identity\test\Backend.Identity.Application.Tests\Backend.Identity.Application.Tests.csproj", "{EFAE362C-106B-49E4-96F7-7285FDF089A0}"
EndProject
Project("{FAE04EC0-301F-11D3-BF4B-00C04F79EFBC}") = "Backend.Identity.Domain.Tests", "modules\identity\test\Backend.Identity.Domain.Tests\Backend.Identity.Domain.Tests.csproj", "{7E57D0F9-A35F-4CDA-BD2F-8C4FF026A0F8}"
EndProject
Project("{FAE04EC0-301F-11D3-BF4B-00C04F79EFBC}") = "Backend.Identity.TestBase", "modules\identity\test\Backend.Identity.TestBase\Backend.Identity.TestBase.csproj", "{1DFD0E7B-EA49-4859-824F-AE4489AAAC25}"
EndProject
Project("{FAE04EC0-301F-11D3-BF4B-00C04F79EFBC}") = "Backend.Identity.EntityFrameworkCore", "modules\identity\src\Backend.Identity.EntityFrameworkCore\Backend.Identity.EntityFrameworkCore.csproj", "{A3CEEDA1-E8EF-4053-B8C5-A592CBD1E3B2}"
EndProject
Project("{FAE04EC0-301F-11D3-BF4B-00C04F79EFBC}") = "Backend.Identity.EntityFrameworkCore.Tests", "modules\identity\test\Backend.Identity.EntityFrameworkCore.Tests\Backend.Identity.EntityFrameworkCore.Tests.csproj", "{7507B33F-81CC-441F-82C9-6E8D1156C659}"
EndProject
Project("{FAE04EC0-301F-11D3-BF4B-00C04F79EFBC}") = "Backend.Identity.AspNetCore.Tests", "modules\identity\test\Backend.Identity.AspNetCore.Tests\Backend.Identity.AspNetCore.Tests.csproj", "{675ED50F-EEEB-495A-B1AF-58E0FADFA540}"
EndProject
Project("{FAE04EC0-301F-11D3-BF4B-00C04F79EFBC}") = "Backend.Identity.AspNetCore", "modules\identity\src\Backend.Identity.AspNetCore\Backend.Identity.AspNetCore.csproj", "{1E59D2D5-F672-48E7-84FC-92F49064DF17}"
EndProject
Project("{FAE04EC0-301F-11D3-BF4B-00C04F79EFBC}") = "Backend.IdentityService.Domain", "services\identity\src\Backend.IdentityService.Domain\Backend.IdentityService.Domain.csproj", "{46CF97D9-2025-4F11-A63D-FD4DDC66A0A7}"
EndProject
Project("{FAE04EC0-301F-11D3-BF4B-00C04F79EFBC}") = "Backend.IdentityService.Domain.Shared", "services\identity\src\Backend.IdentityService.Domain.Shared\Backend.IdentityService.Domain.Shared.csproj", "{8933E3A9-F452-4D54-A62B-F8DEAD36B426}"
EndProject
Project("{2150E333-8FDC-42A3-9474-1A3956D46DE8}") = "account", "account", "{9D7A4AB4-84BB-4CDF-AB12-BC9F2F8C5494}"
EndProject
Project("{2150E333-8FDC-42A3-9474-1A3956D46DE8}") = "src", "src", "{C429DE7F-EBC7-49CB-BBF7-352C2AEDB496}"
EndProject
Project("{2150E333-8FDC-42A3-9474-1A3956D46DE8}") = "test", "test", "{F88B4053-5CEC-4E7C-BA58-A845B7EDA7EA}"
EndProject
Project("{FAE04EC0-301F-11D3-BF4B-00C04F79EFBC}") = "Backend.Account.Application", "modules\account\src\Backend.Account.Application\Backend.Account.Application.csproj", "{6D68E6D6-B8E1-4C5A-AE61-1C83C389243C}"
EndProject
Project("{FAE04EC0-301F-11D3-BF4B-00C04F79EFBC}") = "Backend.Account.Application.Contracts", "modules\account\src\Backend.Account.Application.Contracts\Backend.Account.Application.Contracts.csproj", "{175A8948-38D8-45C3-9E0D-941FC596C93A}"
EndProject
Project("{FAE04EC0-301F-11D3-BF4B-00C04F79EFBC}") = "Backend.Account.HttpApi", "modules\account\src\Backend.Account.HttpApi\Backend.Account.HttpApi.csproj", "{2984D393-DB5B-4E3D-96BA-0DF42EE84EEA}"
EndProject
Project("{FAE04EC0-301F-11D3-BF4B-00C04F79EFBC}") = "Backend.Account.Web", "modules\account\src\Backend.Account.Web\Backend.Account.Web.csproj", "{FB250E01-FE8B-4135-99C3-1AB400C90155}"
EndProject
Project("{FAE04EC0-301F-11D3-BF4B-00C04F79EFBC}") = "Backend.Account.Web.IdentityServer", "modules\account\src\Backend.Account.Web.IdentityServer\Backend.Account.Web.IdentityServer.csproj", "{3D95E040-237C-4B41-A39E-EA4184323F32}"
EndProject
Project("{FAE04EC0-301F-11D3-BF4B-00C04F79EFBC}") = "Backend.Account.Application.Tests", "modules\account\test\Backend.Account.Application.Tests\Backend.Account.Application.Tests.csproj", "{DD4579DB-238B-40E2-BD17-AC633990E0D9}"
EndProject
Project("{FAE04EC0-301F-11D3-BF4B-00C04F79EFBC}") = "Backend.IdentityServer.EntityFrameworkCore", "modules\identityserver\src\Backend.IdentityServer.EntityFrameworkCore\Backend.IdentityServer.EntityFrameworkCore.csproj", "{25A0B130-719B-41F9-96E1-2256A47FFD8A}"
EndProject
Project("{FAE04EC0-301F-11D3-BF4B-00C04F79EFBC}") = "Backend.IdentityServer.EntityFrameworkCore.Tests", "modules\identityserver\test\Backend.IdentityServer.EntityFrameworkCore.Tests\Backend.IdentityServer.EntityFrameworkCore.Tests.csproj", "{9035D455-7ACA-43A2-829F-E19EBB1A27A8}"
EndProject
Project("{FAE04EC0-301F-11D3-BF4B-00C04F79EFBC}") = "Backend.IdentityService.EntityFrameworkCore", "services\identity\src\Backend.IdentityService.EntityFrameworkCore\Backend.IdentityService.EntityFrameworkCore.csproj", "{284199B8-8A83-4E64-9C6E-6F4AB8A703F2}"
EndProject
Project("{FAE04EC0-301F-11D3-BF4B-00C04F79EFBC}") = "Backend.IdentityService.EntityFrameworkCore.Tests", "services\identity\test\Backend.IdentityService.EntityFrameworkCore.Tests\Backend.IdentityService.EntityFrameworkCore.Tests.csproj", "{57C300BD-83E3-41A6-B440-9603430C094E}"
EndProject
Global
	GlobalSection(SolutionConfigurationPlatforms) = preSolution
		Debug|Any CPU = Debug|Any CPU
		Release|Any CPU = Release|Any CPU
	EndGlobalSection
	GlobalSection(ProjectConfigurationPlatforms) = postSolution
		{8E52DA43-9C6C-46F7-9252-EC5A95AB34CD}.Debug|Any CPU.ActiveCfg = Debug|Any CPU
		{8E52DA43-9C6C-46F7-9252-EC5A95AB34CD}.Debug|Any CPU.Build.0 = Debug|Any CPU
		{8E52DA43-9C6C-46F7-9252-EC5A95AB34CD}.Release|Any CPU.ActiveCfg = Release|Any CPU
		{8E52DA43-9C6C-46F7-9252-EC5A95AB34CD}.Release|Any CPU.Build.0 = Release|Any CPU
		{1E02E981-048D-40E4-8AEE-BB6ADD514D0C}.Debug|Any CPU.ActiveCfg = Debug|Any CPU
		{1E02E981-048D-40E4-8AEE-BB6ADD514D0C}.Debug|Any CPU.Build.0 = Debug|Any CPU
		{1E02E981-048D-40E4-8AEE-BB6ADD514D0C}.Release|Any CPU.ActiveCfg = Release|Any CPU
		{1E02E981-048D-40E4-8AEE-BB6ADD514D0C}.Release|Any CPU.Build.0 = Release|Any CPU
		{EE2BCC08-3308-46DB-B776-48ECC8B61A2B}.Debug|Any CPU.ActiveCfg = Debug|Any CPU
		{EE2BCC08-3308-46DB-B776-48ECC8B61A2B}.Debug|Any CPU.Build.0 = Debug|Any CPU
		{EE2BCC08-3308-46DB-B776-48ECC8B61A2B}.Release|Any CPU.ActiveCfg = Release|Any CPU
		{EE2BCC08-3308-46DB-B776-48ECC8B61A2B}.Release|Any CPU.Build.0 = Release|Any CPU
		{70AEED82-5C0F-4B34-884D-CE1612F611A6}.Debug|Any CPU.ActiveCfg = Debug|Any CPU
		{70AEED82-5C0F-4B34-884D-CE1612F611A6}.Debug|Any CPU.Build.0 = Debug|Any CPU
		{70AEED82-5C0F-4B34-884D-CE1612F611A6}.Release|Any CPU.ActiveCfg = Release|Any CPU
		{70AEED82-5C0F-4B34-884D-CE1612F611A6}.Release|Any CPU.Build.0 = Release|Any CPU
		{4165EE19-9944-4B69-BDDE-D53B55AB5AD5}.Debug|Any CPU.ActiveCfg = Debug|Any CPU
		{4165EE19-9944-4B69-BDDE-D53B55AB5AD5}.Debug|Any CPU.Build.0 = Debug|Any CPU
		{4165EE19-9944-4B69-BDDE-D53B55AB5AD5}.Release|Any CPU.ActiveCfg = Release|Any CPU
		{4165EE19-9944-4B69-BDDE-D53B55AB5AD5}.Release|Any CPU.Build.0 = Release|Any CPU
		{09C6700A-5CBA-49AF-A3CA-A88483C9E1FB}.Debug|Any CPU.ActiveCfg = Debug|Any CPU
		{09C6700A-5CBA-49AF-A3CA-A88483C9E1FB}.Debug|Any CPU.Build.0 = Debug|Any CPU
		{09C6700A-5CBA-49AF-A3CA-A88483C9E1FB}.Release|Any CPU.ActiveCfg = Release|Any CPU
		{09C6700A-5CBA-49AF-A3CA-A88483C9E1FB}.Release|Any CPU.Build.0 = Release|Any CPU
		{94DC02B8-D92D-4447-AD11-7133C5B9A1F2}.Debug|Any CPU.ActiveCfg = Debug|Any CPU
		{94DC02B8-D92D-4447-AD11-7133C5B9A1F2}.Debug|Any CPU.Build.0 = Debug|Any CPU
		{94DC02B8-D92D-4447-AD11-7133C5B9A1F2}.Release|Any CPU.ActiveCfg = Release|Any CPU
		{94DC02B8-D92D-4447-AD11-7133C5B9A1F2}.Release|Any CPU.Build.0 = Release|Any CPU
		{92059AD6-B3A6-4A32-A40F-1B2F2EEB75AB}.Debug|Any CPU.ActiveCfg = Debug|Any CPU
		{92059AD6-B3A6-4A32-A40F-1B2F2EEB75AB}.Debug|Any CPU.Build.0 = Debug|Any CPU
		{92059AD6-B3A6-4A32-A40F-1B2F2EEB75AB}.Release|Any CPU.ActiveCfg = Release|Any CPU
		{92059AD6-B3A6-4A32-A40F-1B2F2EEB75AB}.Release|Any CPU.Build.0 = Release|Any CPU
		{4D147780-7CE1-4CD4-AC35-2BEABC97B4F5}.Debug|Any CPU.ActiveCfg = Debug|Any CPU
		{4D147780-7CE1-4CD4-AC35-2BEABC97B4F5}.Debug|Any CPU.Build.0 = Debug|Any CPU
		{4D147780-7CE1-4CD4-AC35-2BEABC97B4F5}.Release|Any CPU.ActiveCfg = Release|Any CPU
		{4D147780-7CE1-4CD4-AC35-2BEABC97B4F5}.Release|Any CPU.Build.0 = Release|Any CPU
		{AC9BABCB-D6DA-4FC0-A02F-49BC17E3B635}.Debug|Any CPU.ActiveCfg = Debug|Any CPU
		{AC9BABCB-D6DA-4FC0-A02F-49BC17E3B635}.Debug|Any CPU.Build.0 = Debug|Any CPU
		{AC9BABCB-D6DA-4FC0-A02F-49BC17E3B635}.Release|Any CPU.ActiveCfg = Release|Any CPU
		{AC9BABCB-D6DA-4FC0-A02F-49BC17E3B635}.Release|Any CPU.Build.0 = Release|Any CPU
		{3BD65AF2-C799-4681-A033-90DFF2613BEE}.Debug|Any CPU.ActiveCfg = Debug|Any CPU
		{3BD65AF2-C799-4681-A033-90DFF2613BEE}.Debug|Any CPU.Build.0 = Debug|Any CPU
		{3BD65AF2-C799-4681-A033-90DFF2613BEE}.Release|Any CPU.ActiveCfg = Release|Any CPU
		{3BD65AF2-C799-4681-A033-90DFF2613BEE}.Release|Any CPU.Build.0 = Release|Any CPU
		{CBA3F577-80A2-4ED9-95CB-53AA14F8C2E8}.Debug|Any CPU.ActiveCfg = Debug|Any CPU
		{CBA3F577-80A2-4ED9-95CB-53AA14F8C2E8}.Debug|Any CPU.Build.0 = Debug|Any CPU
		{CBA3F577-80A2-4ED9-95CB-53AA14F8C2E8}.Release|Any CPU.ActiveCfg = Release|Any CPU
		{CBA3F577-80A2-4ED9-95CB-53AA14F8C2E8}.Release|Any CPU.Build.0 = Release|Any CPU
		{8D99DA6D-7D45-432D-A366-957834B16666}.Debug|Any CPU.ActiveCfg = Debug|Any CPU
		{8D99DA6D-7D45-432D-A366-957834B16666}.Debug|Any CPU.Build.0 = Debug|Any CPU
		{8D99DA6D-7D45-432D-A366-957834B16666}.Release|Any CPU.ActiveCfg = Release|Any CPU
		{8D99DA6D-7D45-432D-A366-957834B16666}.Release|Any CPU.Build.0 = Release|Any CPU
		{4561DC21-72E1-4A61-8916-5D9B7FCD89C8}.Debug|Any CPU.ActiveCfg = Debug|Any CPU
		{4561DC21-72E1-4A61-8916-5D9B7FCD89C8}.Debug|Any CPU.Build.0 = Debug|Any CPU
		{4561DC21-72E1-4A61-8916-5D9B7FCD89C8}.Release|Any CPU.ActiveCfg = Release|Any CPU
		{4561DC21-72E1-4A61-8916-5D9B7FCD89C8}.Release|Any CPU.Build.0 = Release|Any CPU
		{F321E352-074F-4EE4-8A21-56F08C31D22D}.Debug|Any CPU.ActiveCfg = Debug|Any CPU
		{F321E352-074F-4EE4-8A21-56F08C31D22D}.Debug|Any CPU.Build.0 = Debug|Any CPU
		{F321E352-074F-4EE4-8A21-56F08C31D22D}.Release|Any CPU.ActiveCfg = Release|Any CPU
		{F321E352-074F-4EE4-8A21-56F08C31D22D}.Release|Any CPU.Build.0 = Release|Any CPU
		{E7CFB7EB-394F-4A16-A4CA-D75644D226C3}.Debug|Any CPU.ActiveCfg = Debug|Any CPU
		{E7CFB7EB-394F-4A16-A4CA-D75644D226C3}.Debug|Any CPU.Build.0 = Debug|Any CPU
		{E7CFB7EB-394F-4A16-A4CA-D75644D226C3}.Release|Any CPU.ActiveCfg = Release|Any CPU
		{E7CFB7EB-394F-4A16-A4CA-D75644D226C3}.Release|Any CPU.Build.0 = Release|Any CPU
		{2D97413F-CBB5-4ED3-B5D7-6595D9E35696}.Debug|Any CPU.ActiveCfg = Debug|Any CPU
		{2D97413F-CBB5-4ED3-B5D7-6595D9E35696}.Debug|Any CPU.Build.0 = Debug|Any CPU
		{2D97413F-CBB5-4ED3-B5D7-6595D9E35696}.Release|Any CPU.ActiveCfg = Release|Any CPU
		{2D97413F-CBB5-4ED3-B5D7-6595D9E35696}.Release|Any CPU.Build.0 = Release|Any CPU
		{19C263FD-36EA-4E23-B893-3892AA4A0F2A}.Debug|Any CPU.ActiveCfg = Debug|Any CPU
		{19C263FD-36EA-4E23-B893-3892AA4A0F2A}.Debug|Any CPU.Build.0 = Debug|Any CPU
		{19C263FD-36EA-4E23-B893-3892AA4A0F2A}.Release|Any CPU.ActiveCfg = Release|Any CPU
		{19C263FD-36EA-4E23-B893-3892AA4A0F2A}.Release|Any CPU.Build.0 = Release|Any CPU
		{62029614-F0EE-40FD-97FC-56B60F7E8E41}.Debug|Any CPU.ActiveCfg = Debug|Any CPU
		{62029614-F0EE-40FD-97FC-56B60F7E8E41}.Debug|Any CPU.Build.0 = Debug|Any CPU
		{62029614-F0EE-40FD-97FC-56B60F7E8E41}.Release|Any CPU.ActiveCfg = Release|Any CPU
		{62029614-F0EE-40FD-97FC-56B60F7E8E41}.Release|Any CPU.Build.0 = Release|Any CPU
		{432F7417-05AC-4E38-BA78-69FC8BCB498F}.Debug|Any CPU.ActiveCfg = Debug|Any CPU
		{432F7417-05AC-4E38-BA78-69FC8BCB498F}.Debug|Any CPU.Build.0 = Debug|Any CPU
		{432F7417-05AC-4E38-BA78-69FC8BCB498F}.Release|Any CPU.ActiveCfg = Release|Any CPU
		{432F7417-05AC-4E38-BA78-69FC8BCB498F}.Release|Any CPU.Build.0 = Release|Any CPU
		{FED47CC6-C77B-4981-9857-A218F86C4149}.Debug|Any CPU.ActiveCfg = Debug|Any CPU
		{FED47CC6-C77B-4981-9857-A218F86C4149}.Debug|Any CPU.Build.0 = Debug|Any CPU
		{FED47CC6-C77B-4981-9857-A218F86C4149}.Release|Any CPU.ActiveCfg = Release|Any CPU
		{FED47CC6-C77B-4981-9857-A218F86C4149}.Release|Any CPU.Build.0 = Release|Any CPU
		{16FCEAA5-7589-4F2E-B9E3-56C86A193D0A}.Debug|Any CPU.ActiveCfg = Debug|Any CPU
		{16FCEAA5-7589-4F2E-B9E3-56C86A193D0A}.Debug|Any CPU.Build.0 = Debug|Any CPU
		{16FCEAA5-7589-4F2E-B9E3-56C86A193D0A}.Release|Any CPU.ActiveCfg = Release|Any CPU
		{16FCEAA5-7589-4F2E-B9E3-56C86A193D0A}.Release|Any CPU.Build.0 = Release|Any CPU
		{74E42764-954C-455B-A82D-D4740B3C9CA9}.Debug|Any CPU.ActiveCfg = Debug|Any CPU
		{74E42764-954C-455B-A82D-D4740B3C9CA9}.Debug|Any CPU.Build.0 = Debug|Any CPU
		{74E42764-954C-455B-A82D-D4740B3C9CA9}.Release|Any CPU.ActiveCfg = Release|Any CPU
		{74E42764-954C-455B-A82D-D4740B3C9CA9}.Release|Any CPU.Build.0 = Release|Any CPU
		{DFB80D60-FC0F-4CF1-8B65-E1522732FC13}.Debug|Any CPU.ActiveCfg = Debug|Any CPU
		{DFB80D60-FC0F-4CF1-8B65-E1522732FC13}.Debug|Any CPU.Build.0 = Debug|Any CPU
		{DFB80D60-FC0F-4CF1-8B65-E1522732FC13}.Release|Any CPU.ActiveCfg = Release|Any CPU
		{DFB80D60-FC0F-4CF1-8B65-E1522732FC13}.Release|Any CPU.Build.0 = Release|Any CPU
		{644D7F78-8DE0-4C91-A568-7831FFBABB49}.Debug|Any CPU.ActiveCfg = Debug|Any CPU
		{644D7F78-8DE0-4C91-A568-7831FFBABB49}.Debug|Any CPU.Build.0 = Debug|Any CPU
		{644D7F78-8DE0-4C91-A568-7831FFBABB49}.Release|Any CPU.ActiveCfg = Release|Any CPU
		{644D7F78-8DE0-4C91-A568-7831FFBABB49}.Release|Any CPU.Build.0 = Release|Any CPU
		{271BCC41-C6CE-4F05-A7CA-F02CB13B5EE1}.Debug|Any CPU.ActiveCfg = Debug|Any CPU
		{271BCC41-C6CE-4F05-A7CA-F02CB13B5EE1}.Debug|Any CPU.Build.0 = Debug|Any CPU
		{271BCC41-C6CE-4F05-A7CA-F02CB13B5EE1}.Release|Any CPU.ActiveCfg = Release|Any CPU
		{271BCC41-C6CE-4F05-A7CA-F02CB13B5EE1}.Release|Any CPU.Build.0 = Release|Any CPU
		{931C0556-CB0E-4578-8ADB-C876B710A4A2}.Debug|Any CPU.ActiveCfg = Debug|Any CPU
		{931C0556-CB0E-4578-8ADB-C876B710A4A2}.Debug|Any CPU.Build.0 = Debug|Any CPU
		{931C0556-CB0E-4578-8ADB-C876B710A4A2}.Release|Any CPU.ActiveCfg = Release|Any CPU
		{931C0556-CB0E-4578-8ADB-C876B710A4A2}.Release|Any CPU.Build.0 = Release|Any CPU
		{30A457B5-ECFF-4A2A-8338-5ECA6F5227BE}.Debug|Any CPU.ActiveCfg = Debug|Any CPU
		{30A457B5-ECFF-4A2A-8338-5ECA6F5227BE}.Debug|Any CPU.Build.0 = Debug|Any CPU
		{30A457B5-ECFF-4A2A-8338-5ECA6F5227BE}.Release|Any CPU.ActiveCfg = Release|Any CPU
		{30A457B5-ECFF-4A2A-8338-5ECA6F5227BE}.Release|Any CPU.Build.0 = Release|Any CPU
		{6A9BC5B1-B529-4D05-A63E-F98115615F38}.Debug|Any CPU.ActiveCfg = Debug|Any CPU
		{6A9BC5B1-B529-4D05-A63E-F98115615F38}.Debug|Any CPU.Build.0 = Debug|Any CPU
		{6A9BC5B1-B529-4D05-A63E-F98115615F38}.Release|Any CPU.ActiveCfg = Release|Any CPU
		{6A9BC5B1-B529-4D05-A63E-F98115615F38}.Release|Any CPU.Build.0 = Release|Any CPU
		{84630337-A367-4A16-ACAA-26BF2AB03A40}.Debug|Any CPU.ActiveCfg = Debug|Any CPU
		{84630337-A367-4A16-ACAA-26BF2AB03A40}.Debug|Any CPU.Build.0 = Debug|Any CPU
		{84630337-A367-4A16-ACAA-26BF2AB03A40}.Release|Any CPU.ActiveCfg = Release|Any CPU
		{84630337-A367-4A16-ACAA-26BF2AB03A40}.Release|Any CPU.Build.0 = Release|Any CPU
		{E7E23CB7-7F78-436F-96CF-1336625B9182}.Debug|Any CPU.ActiveCfg = Debug|Any CPU
		{E7E23CB7-7F78-436F-96CF-1336625B9182}.Debug|Any CPU.Build.0 = Debug|Any CPU
		{E7E23CB7-7F78-436F-96CF-1336625B9182}.Release|Any CPU.ActiveCfg = Release|Any CPU
		{E7E23CB7-7F78-436F-96CF-1336625B9182}.Release|Any CPU.Build.0 = Release|Any CPU
		{4245B652-065E-49B5-8F60-86495633E2B2}.Debug|Any CPU.ActiveCfg = Debug|Any CPU
		{4245B652-065E-49B5-8F60-86495633E2B2}.Debug|Any CPU.Build.0 = Debug|Any CPU
		{4245B652-065E-49B5-8F60-86495633E2B2}.Release|Any CPU.ActiveCfg = Release|Any CPU
		{4245B652-065E-49B5-8F60-86495633E2B2}.Release|Any CPU.Build.0 = Release|Any CPU
		{08D7686A-A42A-4593-9E1F-01A93E31D174}.Debug|Any CPU.ActiveCfg = Debug|Any CPU
		{08D7686A-A42A-4593-9E1F-01A93E31D174}.Debug|Any CPU.Build.0 = Debug|Any CPU
		{08D7686A-A42A-4593-9E1F-01A93E31D174}.Release|Any CPU.ActiveCfg = Release|Any CPU
		{08D7686A-A42A-4593-9E1F-01A93E31D174}.Release|Any CPU.Build.0 = Release|Any CPU
		{6B4FD4ED-B102-47A9-B369-A4D710D733AF}.Debug|Any CPU.ActiveCfg = Debug|Any CPU
		{6B4FD4ED-B102-47A9-B369-A4D710D733AF}.Debug|Any CPU.Build.0 = Debug|Any CPU
		{6B4FD4ED-B102-47A9-B369-A4D710D733AF}.Release|Any CPU.ActiveCfg = Release|Any CPU
		{6B4FD4ED-B102-47A9-B369-A4D710D733AF}.Release|Any CPU.Build.0 = Release|Any CPU
		{B6B3917A-FD30-4DFD-B182-795754FB6D94}.Debug|Any CPU.ActiveCfg = Debug|Any CPU
		{B6B3917A-FD30-4DFD-B182-795754FB6D94}.Debug|Any CPU.Build.0 = Debug|Any CPU
		{B6B3917A-FD30-4DFD-B182-795754FB6D94}.Release|Any CPU.ActiveCfg = Release|Any CPU
		{B6B3917A-FD30-4DFD-B182-795754FB6D94}.Release|Any CPU.Build.0 = Release|Any CPU
		{AFB0F574-75C1-4384-9B8C-985F76BB665B}.Debug|Any CPU.ActiveCfg = Debug|Any CPU
		{AFB0F574-75C1-4384-9B8C-985F76BB665B}.Debug|Any CPU.Build.0 = Debug|Any CPU
		{AFB0F574-75C1-4384-9B8C-985F76BB665B}.Release|Any CPU.ActiveCfg = Release|Any CPU
		{AFB0F574-75C1-4384-9B8C-985F76BB665B}.Release|Any CPU.Build.0 = Release|Any CPU
		{EC5AE43D-E045-4622-ABCB-5E50FAE0916A}.Debug|Any CPU.ActiveCfg = Debug|Any CPU
		{EC5AE43D-E045-4622-ABCB-5E50FAE0916A}.Debug|Any CPU.Build.0 = Debug|Any CPU
		{EC5AE43D-E045-4622-ABCB-5E50FAE0916A}.Release|Any CPU.ActiveCfg = Release|Any CPU
		{EC5AE43D-E045-4622-ABCB-5E50FAE0916A}.Release|Any CPU.Build.0 = Release|Any CPU
		{7D3F1814-CAD9-48C6-8346-79BE39EF77BA}.Debug|Any CPU.ActiveCfg = Debug|Any CPU
		{7D3F1814-CAD9-48C6-8346-79BE39EF77BA}.Debug|Any CPU.Build.0 = Debug|Any CPU
		{7D3F1814-CAD9-48C6-8346-79BE39EF77BA}.Release|Any CPU.ActiveCfg = Release|Any CPU
		{7D3F1814-CAD9-48C6-8346-79BE39EF77BA}.Release|Any CPU.Build.0 = Release|Any CPU
		{B56A8800-F0B2-49C7-B0F2-80CCF4079E7A}.Debug|Any CPU.ActiveCfg = Debug|Any CPU
		{B56A8800-F0B2-49C7-B0F2-80CCF4079E7A}.Debug|Any CPU.Build.0 = Debug|Any CPU
		{B56A8800-F0B2-49C7-B0F2-80CCF4079E7A}.Release|Any CPU.ActiveCfg = Release|Any CPU
		{B56A8800-F0B2-49C7-B0F2-80CCF4079E7A}.Release|Any CPU.Build.0 = Release|Any CPU
		{4C76FE86-E2FE-400E-BF62-661DEBE89BB4}.Debug|Any CPU.ActiveCfg = Debug|Any CPU
		{4C76FE86-E2FE-400E-BF62-661DEBE89BB4}.Debug|Any CPU.Build.0 = Debug|Any CPU
		{4C76FE86-E2FE-400E-BF62-661DEBE89BB4}.Release|Any CPU.ActiveCfg = Release|Any CPU
		{4C76FE86-E2FE-400E-BF62-661DEBE89BB4}.Release|Any CPU.Build.0 = Release|Any CPU
		{B6C58435-494E-4ED5-B605-EB700F2AEB22}.Debug|Any CPU.ActiveCfg = Debug|Any CPU
		{B6C58435-494E-4ED5-B605-EB700F2AEB22}.Debug|Any CPU.Build.0 = Debug|Any CPU
		{B6C58435-494E-4ED5-B605-EB700F2AEB22}.Release|Any CPU.ActiveCfg = Release|Any CPU
		{B6C58435-494E-4ED5-B605-EB700F2AEB22}.Release|Any CPU.Build.0 = Release|Any CPU
		{4B4A27A4-4132-4A13-8E7A-7223C90EC238}.Debug|Any CPU.ActiveCfg = Debug|Any CPU
		{4B4A27A4-4132-4A13-8E7A-7223C90EC238}.Debug|Any CPU.Build.0 = Debug|Any CPU
		{4B4A27A4-4132-4A13-8E7A-7223C90EC238}.Release|Any CPU.ActiveCfg = Release|Any CPU
		{4B4A27A4-4132-4A13-8E7A-7223C90EC238}.Release|Any CPU.Build.0 = Release|Any CPU
		{31F913BF-3087-4AA4-981C-7B45070AC842}.Debug|Any CPU.ActiveCfg = Debug|Any CPU
		{31F913BF-3087-4AA4-981C-7B45070AC842}.Debug|Any CPU.Build.0 = Debug|Any CPU
		{31F913BF-3087-4AA4-981C-7B45070AC842}.Release|Any CPU.ActiveCfg = Release|Any CPU
		{31F913BF-3087-4AA4-981C-7B45070AC842}.Release|Any CPU.Build.0 = Release|Any CPU
		{F149D589-4E61-4062-978A-CA07C91130D8}.Debug|Any CPU.ActiveCfg = Debug|Any CPU
		{F149D589-4E61-4062-978A-CA07C91130D8}.Debug|Any CPU.Build.0 = Debug|Any CPU
		{F149D589-4E61-4062-978A-CA07C91130D8}.Release|Any CPU.ActiveCfg = Release|Any CPU
		{F149D589-4E61-4062-978A-CA07C91130D8}.Release|Any CPU.Build.0 = Release|Any CPU
		{AFEC9AAC-7550-47BC-BF0D-E006DF3D60C9}.Debug|Any CPU.ActiveCfg = Debug|Any CPU
		{AFEC9AAC-7550-47BC-BF0D-E006DF3D60C9}.Debug|Any CPU.Build.0 = Debug|Any CPU
		{AFEC9AAC-7550-47BC-BF0D-E006DF3D60C9}.Release|Any CPU.ActiveCfg = Release|Any CPU
		{AFEC9AAC-7550-47BC-BF0D-E006DF3D60C9}.Release|Any CPU.Build.0 = Release|Any CPU
		{C835EFE6-3666-46A7-AF3F-77E4A412F725}.Debug|Any CPU.ActiveCfg = Debug|Any CPU
		{C835EFE6-3666-46A7-AF3F-77E4A412F725}.Debug|Any CPU.Build.0 = Debug|Any CPU
		{C835EFE6-3666-46A7-AF3F-77E4A412F725}.Release|Any CPU.ActiveCfg = Release|Any CPU
		{C835EFE6-3666-46A7-AF3F-77E4A412F725}.Release|Any CPU.Build.0 = Release|Any CPU
		{58F9725B-DBED-44AA-9053-E781FC0DAD01}.Debug|Any CPU.ActiveCfg = Debug|Any CPU
		{58F9725B-DBED-44AA-9053-E781FC0DAD01}.Debug|Any CPU.Build.0 = Debug|Any CPU
		{58F9725B-DBED-44AA-9053-E781FC0DAD01}.Release|Any CPU.ActiveCfg = Release|Any CPU
		{58F9725B-DBED-44AA-9053-E781FC0DAD01}.Release|Any CPU.Build.0 = Release|Any CPU
		{8DF481D6-382B-421C-B5BA-F35FD2C7BE52}.Debug|Any CPU.ActiveCfg = Debug|Any CPU
		{8DF481D6-382B-421C-B5BA-F35FD2C7BE52}.Debug|Any CPU.Build.0 = Debug|Any CPU
		{8DF481D6-382B-421C-B5BA-F35FD2C7BE52}.Release|Any CPU.ActiveCfg = Release|Any CPU
		{8DF481D6-382B-421C-B5BA-F35FD2C7BE52}.Release|Any CPU.Build.0 = Release|Any CPU
		{3F746CB0-0E35-4FE6-B414-9E37D1F96812}.Debug|Any CPU.ActiveCfg = Debug|Any CPU
		{3F746CB0-0E35-4FE6-B414-9E37D1F96812}.Debug|Any CPU.Build.0 = Debug|Any CPU
		{3F746CB0-0E35-4FE6-B414-9E37D1F96812}.Release|Any CPU.ActiveCfg = Release|Any CPU
		{3F746CB0-0E35-4FE6-B414-9E37D1F96812}.Release|Any CPU.Build.0 = Release|Any CPU
		{A98A12F3-8B58-4E63-ABF2-50D99DD95DD7}.Debug|Any CPU.ActiveCfg = Debug|Any CPU
		{A98A12F3-8B58-4E63-ABF2-50D99DD95DD7}.Debug|Any CPU.Build.0 = Debug|Any CPU
		{A98A12F3-8B58-4E63-ABF2-50D99DD95DD7}.Release|Any CPU.ActiveCfg = Release|Any CPU
		{A98A12F3-8B58-4E63-ABF2-50D99DD95DD7}.Release|Any CPU.Build.0 = Release|Any CPU
		{EFAE362C-106B-49E4-96F7-7285FDF089A0}.Debug|Any CPU.ActiveCfg = Debug|Any CPU
		{EFAE362C-106B-49E4-96F7-7285FDF089A0}.Debug|Any CPU.Build.0 = Debug|Any CPU
		{EFAE362C-106B-49E4-96F7-7285FDF089A0}.Release|Any CPU.ActiveCfg = Release|Any CPU
		{EFAE362C-106B-49E4-96F7-7285FDF089A0}.Release|Any CPU.Build.0 = Release|Any CPU
		{7E57D0F9-A35F-4CDA-BD2F-8C4FF026A0F8}.Debug|Any CPU.ActiveCfg = Debug|Any CPU
		{7E57D0F9-A35F-4CDA-BD2F-8C4FF026A0F8}.Debug|Any CPU.Build.0 = Debug|Any CPU
		{7E57D0F9-A35F-4CDA-BD2F-8C4FF026A0F8}.Release|Any CPU.ActiveCfg = Release|Any CPU
		{7E57D0F9-A35F-4CDA-BD2F-8C4FF026A0F8}.Release|Any CPU.Build.0 = Release|Any CPU
		{1DFD0E7B-EA49-4859-824F-AE4489AAAC25}.Debug|Any CPU.ActiveCfg = Debug|Any CPU
		{1DFD0E7B-EA49-4859-824F-AE4489AAAC25}.Debug|Any CPU.Build.0 = Debug|Any CPU
		{1DFD0E7B-EA49-4859-824F-AE4489AAAC25}.Release|Any CPU.ActiveCfg = Release|Any CPU
		{1DFD0E7B-EA49-4859-824F-AE4489AAAC25}.Release|Any CPU.Build.0 = Release|Any CPU
		{A3CEEDA1-E8EF-4053-B8C5-A592CBD1E3B2}.Debug|Any CPU.ActiveCfg = Debug|Any CPU
		{A3CEEDA1-E8EF-4053-B8C5-A592CBD1E3B2}.Debug|Any CPU.Build.0 = Debug|Any CPU
		{A3CEEDA1-E8EF-4053-B8C5-A592CBD1E3B2}.Release|Any CPU.ActiveCfg = Release|Any CPU
		{A3CEEDA1-E8EF-4053-B8C5-A592CBD1E3B2}.Release|Any CPU.Build.0 = Release|Any CPU
		{7507B33F-81CC-441F-82C9-6E8D1156C659}.Debug|Any CPU.ActiveCfg = Debug|Any CPU
		{7507B33F-81CC-441F-82C9-6E8D1156C659}.Debug|Any CPU.Build.0 = Debug|Any CPU
		{7507B33F-81CC-441F-82C9-6E8D1156C659}.Release|Any CPU.ActiveCfg = Release|Any CPU
		{7507B33F-81CC-441F-82C9-6E8D1156C659}.Release|Any CPU.Build.0 = Release|Any CPU
		{675ED50F-EEEB-495A-B1AF-58E0FADFA540}.Debug|Any CPU.ActiveCfg = Debug|Any CPU
		{675ED50F-EEEB-495A-B1AF-58E0FADFA540}.Debug|Any CPU.Build.0 = Debug|Any CPU
		{675ED50F-EEEB-495A-B1AF-58E0FADFA540}.Release|Any CPU.ActiveCfg = Release|Any CPU
		{675ED50F-EEEB-495A-B1AF-58E0FADFA540}.Release|Any CPU.Build.0 = Release|Any CPU
		{1E59D2D5-F672-48E7-84FC-92F49064DF17}.Debug|Any CPU.ActiveCfg = Debug|Any CPU
		{1E59D2D5-F672-48E7-84FC-92F49064DF17}.Debug|Any CPU.Build.0 = Debug|Any CPU
		{1E59D2D5-F672-48E7-84FC-92F49064DF17}.Release|Any CPU.ActiveCfg = Release|Any CPU
		{1E59D2D5-F672-48E7-84FC-92F49064DF17}.Release|Any CPU.Build.0 = Release|Any CPU
		{46CF97D9-2025-4F11-A63D-FD4DDC66A0A7}.Debug|Any CPU.ActiveCfg = Debug|Any CPU
		{46CF97D9-2025-4F11-A63D-FD4DDC66A0A7}.Debug|Any CPU.Build.0 = Debug|Any CPU
		{46CF97D9-2025-4F11-A63D-FD4DDC66A0A7}.Release|Any CPU.ActiveCfg = Release|Any CPU
		{46CF97D9-2025-4F11-A63D-FD4DDC66A0A7}.Release|Any CPU.Build.0 = Release|Any CPU
		{8933E3A9-F452-4D54-A62B-F8DEAD36B426}.Debug|Any CPU.ActiveCfg = Debug|Any CPU
		{8933E3A9-F452-4D54-A62B-F8DEAD36B426}.Debug|Any CPU.Build.0 = Debug|Any CPU
		{8933E3A9-F452-4D54-A62B-F8DEAD36B426}.Release|Any CPU.ActiveCfg = Release|Any CPU
		{8933E3A9-F452-4D54-A62B-F8DEAD36B426}.Release|Any CPU.Build.0 = Release|Any CPU
		{6D68E6D6-B8E1-4C5A-AE61-1C83C389243C}.Debug|Any CPU.ActiveCfg = Debug|Any CPU
		{6D68E6D6-B8E1-4C5A-AE61-1C83C389243C}.Debug|Any CPU.Build.0 = Debug|Any CPU
		{6D68E6D6-B8E1-4C5A-AE61-1C83C389243C}.Release|Any CPU.ActiveCfg = Release|Any CPU
		{6D68E6D6-B8E1-4C5A-AE61-1C83C389243C}.Release|Any CPU.Build.0 = Release|Any CPU
		{175A8948-38D8-45C3-9E0D-941FC596C93A}.Debug|Any CPU.ActiveCfg = Debug|Any CPU
		{175A8948-38D8-45C3-9E0D-941FC596C93A}.Debug|Any CPU.Build.0 = Debug|Any CPU
		{175A8948-38D8-45C3-9E0D-941FC596C93A}.Release|Any CPU.ActiveCfg = Release|Any CPU
		{175A8948-38D8-45C3-9E0D-941FC596C93A}.Release|Any CPU.Build.0 = Release|Any CPU
		{2984D393-DB5B-4E3D-96BA-0DF42EE84EEA}.Debug|Any CPU.ActiveCfg = Debug|Any CPU
		{2984D393-DB5B-4E3D-96BA-0DF42EE84EEA}.Debug|Any CPU.Build.0 = Debug|Any CPU
		{2984D393-DB5B-4E3D-96BA-0DF42EE84EEA}.Release|Any CPU.ActiveCfg = Release|Any CPU
		{2984D393-DB5B-4E3D-96BA-0DF42EE84EEA}.Release|Any CPU.Build.0 = Release|Any CPU
		{FB250E01-FE8B-4135-99C3-1AB400C90155}.Debug|Any CPU.ActiveCfg = Debug|Any CPU
		{FB250E01-FE8B-4135-99C3-1AB400C90155}.Debug|Any CPU.Build.0 = Debug|Any CPU
		{FB250E01-FE8B-4135-99C3-1AB400C90155}.Release|Any CPU.ActiveCfg = Release|Any CPU
		{FB250E01-FE8B-4135-99C3-1AB400C90155}.Release|Any CPU.Build.0 = Release|Any CPU
		{3D95E040-237C-4B41-A39E-EA4184323F32}.Debug|Any CPU.ActiveCfg = Debug|Any CPU
		{3D95E040-237C-4B41-A39E-EA4184323F32}.Debug|Any CPU.Build.0 = Debug|Any CPU
		{3D95E040-237C-4B41-A39E-EA4184323F32}.Release|Any CPU.ActiveCfg = Release|Any CPU
		{3D95E040-237C-4B41-A39E-EA4184323F32}.Release|Any CPU.Build.0 = Release|Any CPU
		{DD4579DB-238B-40E2-BD17-AC633990E0D9}.Debug|Any CPU.ActiveCfg = Debug|Any CPU
		{DD4579DB-238B-40E2-BD17-AC633990E0D9}.Debug|Any CPU.Build.0 = Debug|Any CPU
		{DD4579DB-238B-40E2-BD17-AC633990E0D9}.Release|Any CPU.ActiveCfg = Release|Any CPU
		{DD4579DB-238B-40E2-BD17-AC633990E0D9}.Release|Any CPU.Build.0 = Release|Any CPU
		{25A0B130-719B-41F9-96E1-2256A47FFD8A}.Debug|Any CPU.ActiveCfg = Debug|Any CPU
		{25A0B130-719B-41F9-96E1-2256A47FFD8A}.Debug|Any CPU.Build.0 = Debug|Any CPU
		{25A0B130-719B-41F9-96E1-2256A47FFD8A}.Release|Any CPU.ActiveCfg = Release|Any CPU
		{25A0B130-719B-41F9-96E1-2256A47FFD8A}.Release|Any CPU.Build.0 = Release|Any CPU
		{9035D455-7ACA-43A2-829F-E19EBB1A27A8}.Debug|Any CPU.ActiveCfg = Debug|Any CPU
		{9035D455-7ACA-43A2-829F-E19EBB1A27A8}.Debug|Any CPU.Build.0 = Debug|Any CPU
		{9035D455-7ACA-43A2-829F-E19EBB1A27A8}.Release|Any CPU.ActiveCfg = Release|Any CPU
		{9035D455-7ACA-43A2-829F-E19EBB1A27A8}.Release|Any CPU.Build.0 = Release|Any CPU
		{284199B8-8A83-4E64-9C6E-6F4AB8A703F2}.Debug|Any CPU.ActiveCfg = Debug|Any CPU
		{284199B8-8A83-4E64-9C6E-6F4AB8A703F2}.Debug|Any CPU.Build.0 = Debug|Any CPU
		{284199B8-8A83-4E64-9C6E-6F4AB8A703F2}.Release|Any CPU.ActiveCfg = Release|Any CPU
		{284199B8-8A83-4E64-9C6E-6F4AB8A703F2}.Release|Any CPU.Build.0 = Release|Any CPU
		{57C300BD-83E3-41A6-B440-9603430C094E}.Debug|Any CPU.ActiveCfg = Debug|Any CPU
		{57C300BD-83E3-41A6-B440-9603430C094E}.Debug|Any CPU.Build.0 = Debug|Any CPU
		{57C300BD-83E3-41A6-B440-9603430C094E}.Release|Any CPU.ActiveCfg = Release|Any CPU
		{57C300BD-83E3-41A6-B440-9603430C094E}.Release|Any CPU.Build.0 = Release|Any CPU
	EndGlobalSection
	GlobalSection(SolutionProperties) = preSolution
		HideSolutionNode = FALSE
	EndGlobalSection
	GlobalSection(NestedProjects) = preSolution
		{8E52DA43-9C6C-46F7-9252-EC5A95AB34CD} = {696E1F9F-DDF4-4109-8DE3-91D107B434B3}
		{1E02E981-048D-40E4-8AEE-BB6ADD514D0C} = {D524CE22-8408-4FC6-9D12-091036518F5C}
		{EE2BCC08-3308-46DB-B776-48ECC8B61A2B} = {D524CE22-8408-4FC6-9D12-091036518F5C}
		{70AEED82-5C0F-4B34-884D-CE1612F611A6} = {0D58A2F2-ED3E-4404-A066-2DA431A5A687}
		{4165EE19-9944-4B69-BDDE-D53B55AB5AD5} = {D524CE22-8408-4FC6-9D12-091036518F5C}
		{09C6700A-5CBA-49AF-A3CA-A88483C9E1FB} = {D524CE22-8408-4FC6-9D12-091036518F5C}
		{6CEB9D01-AE6A-4638-BB9E-65658F5E8D0A} = {CD5C2101-C4ED-4EBB-9576-6D7D4D1D9A7E}
		{0C02A9E3-90F1-4A86-A89D-3E7FDC605770} = {6CEB9D01-AE6A-4638-BB9E-65658F5E8D0A}
		{E4807A36-C4FB-46B0-9966-16600819692F} = {6CEB9D01-AE6A-4638-BB9E-65658F5E8D0A}
		{94DC02B8-D92D-4447-AD11-7133C5B9A1F2} = {0C02A9E3-90F1-4A86-A89D-3E7FDC605770}
		{92059AD6-B3A6-4A32-A40F-1B2F2EEB75AB} = {0C02A9E3-90F1-4A86-A89D-3E7FDC605770}
		{4D147780-7CE1-4CD4-AC35-2BEABC97B4F5} = {0C02A9E3-90F1-4A86-A89D-3E7FDC605770}
		{AC9BABCB-D6DA-4FC0-A02F-49BC17E3B635} = {0C02A9E3-90F1-4A86-A89D-3E7FDC605770}
		{3BD65AF2-C799-4681-A033-90DFF2613BEE} = {0C02A9E3-90F1-4A86-A89D-3E7FDC605770}
		{CBA3F577-80A2-4ED9-95CB-53AA14F8C2E8} = {0C02A9E3-90F1-4A86-A89D-3E7FDC605770}
		{8D99DA6D-7D45-432D-A366-957834B16666} = {0C02A9E3-90F1-4A86-A89D-3E7FDC605770}
		{4561DC21-72E1-4A61-8916-5D9B7FCD89C8} = {0C02A9E3-90F1-4A86-A89D-3E7FDC605770}
		{F321E352-074F-4EE4-8A21-56F08C31D22D} = {E4807A36-C4FB-46B0-9966-16600819692F}
		{E7CFB7EB-394F-4A16-A4CA-D75644D226C3} = {E4807A36-C4FB-46B0-9966-16600819692F}
		{2D97413F-CBB5-4ED3-B5D7-6595D9E35696} = {E4807A36-C4FB-46B0-9966-16600819692F}
		{19C263FD-36EA-4E23-B893-3892AA4A0F2A} = {E4807A36-C4FB-46B0-9966-16600819692F}
		{5AB633FA-A160-4EBC-BD0F-5DB691B442E3} = {CD5C2101-C4ED-4EBB-9576-6D7D4D1D9A7E}
		{55FAA9D1-F886-4D26-B7D0-4143357BA585} = {5AB633FA-A160-4EBC-BD0F-5DB691B442E3}
		{DD5B0264-1A4E-4343-833C-AC9168FFAEFD} = {5AB633FA-A160-4EBC-BD0F-5DB691B442E3}
		{62029614-F0EE-40FD-97FC-56B60F7E8E41} = {DD5B0264-1A4E-4343-833C-AC9168FFAEFD}
		{432F7417-05AC-4E38-BA78-69FC8BCB498F} = {DD5B0264-1A4E-4343-833C-AC9168FFAEFD}
		{FED47CC6-C77B-4981-9857-A218F86C4149} = {DD5B0264-1A4E-4343-833C-AC9168FFAEFD}
		{2508C4D0-E814-421C-A45F-4DC91A46C4A6} = {CD5C2101-C4ED-4EBB-9576-6D7D4D1D9A7E}
		{E096581B-2535-406F-80EA-63BC9F8FEBF5} = {2508C4D0-E814-421C-A45F-4DC91A46C4A6}
		{294BB471-4AE8-4EFB-9802-0ED3EC94BC63} = {2508C4D0-E814-421C-A45F-4DC91A46C4A6}
		{16FCEAA5-7589-4F2E-B9E3-56C86A193D0A} = {E096581B-2535-406F-80EA-63BC9F8FEBF5}
		{74E42764-954C-455B-A82D-D4740B3C9CA9} = {294BB471-4AE8-4EFB-9802-0ED3EC94BC63}
		{DFB80D60-FC0F-4CF1-8B65-E1522732FC13} = {E096581B-2535-406F-80EA-63BC9F8FEBF5}
		{644D7F78-8DE0-4C91-A568-7831FFBABB49} = {E096581B-2535-406F-80EA-63BC9F8FEBF5}
		{271BCC41-C6CE-4F05-A7CA-F02CB13B5EE1} = {E096581B-2535-406F-80EA-63BC9F8FEBF5}
		{931C0556-CB0E-4578-8ADB-C876B710A4A2} = {E096581B-2535-406F-80EA-63BC9F8FEBF5}
		{30A457B5-ECFF-4A2A-8338-5ECA6F5227BE} = {E096581B-2535-406F-80EA-63BC9F8FEBF5}
		{6A9BC5B1-B529-4D05-A63E-F98115615F38} = {E096581B-2535-406F-80EA-63BC9F8FEBF5}
		{84630337-A367-4A16-ACAA-26BF2AB03A40} = {E096581B-2535-406F-80EA-63BC9F8FEBF5}
		{E7E23CB7-7F78-436F-96CF-1336625B9182} = {294BB471-4AE8-4EFB-9802-0ED3EC94BC63}
		{4245B652-065E-49B5-8F60-86495633E2B2} = {294BB471-4AE8-4EFB-9802-0ED3EC94BC63}
		{08D7686A-A42A-4593-9E1F-01A93E31D174} = {294BB471-4AE8-4EFB-9802-0ED3EC94BC63}
		{6B4FD4ED-B102-47A9-B369-A4D710D733AF} = {55FAA9D1-F886-4D26-B7D0-4143357BA585}
		{B6B3917A-FD30-4DFD-B182-795754FB6D94} = {55FAA9D1-F886-4D26-B7D0-4143357BA585}
		{AFB0F574-75C1-4384-9B8C-985F76BB665B} = {55FAA9D1-F886-4D26-B7D0-4143357BA585}
		{EC5AE43D-E045-4622-ABCB-5E50FAE0916A} = {55FAA9D1-F886-4D26-B7D0-4143357BA585}
		{7D3F1814-CAD9-48C6-8346-79BE39EF77BA} = {55FAA9D1-F886-4D26-B7D0-4143357BA585}
		{D3ECF56F-8C6E-4420-AFB2-FA88722006E8} = {E84F9336-2C8C-482B-B368-9CF8D9333F66}
		{CE596D5D-E300-426D-BECD-40E5D8F10952} = {E84F9336-2C8C-482B-B368-9CF8D9333F66}
		{E84F9336-2C8C-482B-B368-9CF8D9333F66} = {1972CB93-E8EC-487E-BAA9-1419CD6D5CAD}
		{B56A8800-F0B2-49C7-B0F2-80CCF4079E7A} = {D3ECF56F-8C6E-4420-AFB2-FA88722006E8}
		{4C76FE86-E2FE-400E-BF62-661DEBE89BB4} = {D3ECF56F-8C6E-4420-AFB2-FA88722006E8}
		{4B4A27A4-4132-4A13-8E7A-7223C90EC238} = {CE596D5D-E300-426D-BECD-40E5D8F10952}
		{31F913BF-3087-4AA4-981C-7B45070AC842} = {CE596D5D-E300-426D-BECD-40E5D8F10952}
		{ADA2AA33-F170-4507-BA13-A51BA6B1AF59} = {1972CB93-E8EC-487E-BAA9-1419CD6D5CAD}
		{CF62A09A-3178-4DA5-AD4E-2B30503288AE} = {ADA2AA33-F170-4507-BA13-A51BA6B1AF59}
		{6E7154F3-AE0D-44A3-AB83-2A1149F132F3} = {ADA2AA33-F170-4507-BA13-A51BA6B1AF59}
		{F149D589-4E61-4062-978A-CA07C91130D8} = {CF62A09A-3178-4DA5-AD4E-2B30503288AE}
		{AFEC9AAC-7550-47BC-BF0D-E006DF3D60C9} = {CF62A09A-3178-4DA5-AD4E-2B30503288AE}
		{C835EFE6-3666-46A7-AF3F-77E4A412F725} = {CF62A09A-3178-4DA5-AD4E-2B30503288AE}
		{58F9725B-DBED-44AA-9053-E781FC0DAD01} = {CF62A09A-3178-4DA5-AD4E-2B30503288AE}
		{8DF481D6-382B-421C-B5BA-F35FD2C7BE52} = {CF62A09A-3178-4DA5-AD4E-2B30503288AE}
		{3F746CB0-0E35-4FE6-B414-9E37D1F96812} = {CF62A09A-3178-4DA5-AD4E-2B30503288AE}
		{A98A12F3-8B58-4E63-ABF2-50D99DD95DD7} = {CF62A09A-3178-4DA5-AD4E-2B30503288AE}
		{EFAE362C-106B-49E4-96F7-7285FDF089A0} = {6E7154F3-AE0D-44A3-AB83-2A1149F132F3}
		{7E57D0F9-A35F-4CDA-BD2F-8C4FF026A0F8} = {6E7154F3-AE0D-44A3-AB83-2A1149F132F3}
		{1DFD0E7B-EA49-4859-824F-AE4489AAAC25} = {6E7154F3-AE0D-44A3-AB83-2A1149F132F3}
		{A3CEEDA1-E8EF-4053-B8C5-A592CBD1E3B2} = {CF62A09A-3178-4DA5-AD4E-2B30503288AE}
		{7507B33F-81CC-441F-82C9-6E8D1156C659} = {6E7154F3-AE0D-44A3-AB83-2A1149F132F3}
		{675ED50F-EEEB-495A-B1AF-58E0FADFA540} = {6E7154F3-AE0D-44A3-AB83-2A1149F132F3}
		{1E59D2D5-F672-48E7-84FC-92F49064DF17} = {CF62A09A-3178-4DA5-AD4E-2B30503288AE}
		{46CF97D9-2025-4F11-A63D-FD4DDC66A0A7} = {55FAA9D1-F886-4D26-B7D0-4143357BA585}
		{8933E3A9-F452-4D54-A62B-F8DEAD36B426} = {55FAA9D1-F886-4D26-B7D0-4143357BA585}
		{B6C58435-494E-4ED5-B605-EB700F2AEB22} = {D3ECF56F-8C6E-4420-AFB2-FA88722006E8}
		{9D7A4AB4-84BB-4CDF-AB12-BC9F2F8C5494} = {1972CB93-E8EC-487E-BAA9-1419CD6D5CAD}
		{C429DE7F-EBC7-49CB-BBF7-352C2AEDB496} = {9D7A4AB4-84BB-4CDF-AB12-BC9F2F8C5494}
		{F88B4053-5CEC-4E7C-BA58-A845B7EDA7EA} = {9D7A4AB4-84BB-4CDF-AB12-BC9F2F8C5494}
		{6D68E6D6-B8E1-4C5A-AE61-1C83C389243C} = {C429DE7F-EBC7-49CB-BBF7-352C2AEDB496}
		{175A8948-38D8-45C3-9E0D-941FC596C93A} = {C429DE7F-EBC7-49CB-BBF7-352C2AEDB496}
		{2984D393-DB5B-4E3D-96BA-0DF42EE84EEA} = {C429DE7F-EBC7-49CB-BBF7-352C2AEDB496}
		{FB250E01-FE8B-4135-99C3-1AB400C90155} = {C429DE7F-EBC7-49CB-BBF7-352C2AEDB496}
		{3D95E040-237C-4B41-A39E-EA4184323F32} = {C429DE7F-EBC7-49CB-BBF7-352C2AEDB496}
		{DD4579DB-238B-40E2-BD17-AC633990E0D9} = {F88B4053-5CEC-4E7C-BA58-A845B7EDA7EA}
		{25A0B130-719B-41F9-96E1-2256A47FFD8A} = {D3ECF56F-8C6E-4420-AFB2-FA88722006E8}
		{9035D455-7ACA-43A2-829F-E19EBB1A27A8} = {CE596D5D-E300-426D-BECD-40E5D8F10952}
		{284199B8-8A83-4E64-9C6E-6F4AB8A703F2} = {55FAA9D1-F886-4D26-B7D0-4143357BA585}
		{57C300BD-83E3-41A6-B440-9603430C094E} = {DD5B0264-1A4E-4343-833C-AC9168FFAEFD}
	EndGlobalSection
	GlobalSection(ExtensibilityGlobals) = postSolution
		SolutionGuid = {A8ECFF92-B74E-4041-A5DB-374EA7F2F174}
	EndGlobalSection
EndGlobal
